
Microsoft Visual Studio Solution File, Format Version 12.00
Project("{FAE04EC0-301F-11D3-BF4B-00C04F79EFBC}") = "WebApplication", "WebApplication\WebApplication.csproj", "{1E6B6DF9-97A8-45B9-8CC1-BB61A7998D76}"
EndProject
Project("{FAE04EC0-301F-11D3-BF4B-00C04F79EFBC}") = "EfExample", "EfExample\EfExample.csproj", "{B364DBC6-CDC8-4118-A98C-449589765410}"
EndProject
Project("{FAE04EC0-301F-11D3-BF4B-00C04F79EFBC}") = "ServiceBusCmd", "ServiceBusCmd\ServiceBusCmd.csproj", "{55861B67-BF25-439F-96E7-31D861AB79D8}"
EndProject
Project("{FAE04EC0-301F-11D3-BF4B-00C04F79EFBC}") = "EventStoreExample", "EventStoreExample\EventStoreExample.csproj", "{4A460FB4-229F-40C6-9EAB-DB4F8A29AF75}"
EndProject
Project("{FAE04EC0-301F-11D3-BF4B-00C04F79EFBC}") = "QuartzExample", "QuartzExample\QuartzExample.csproj", "{F9BDA18A-E78C-43B2-96CD-B0031554813C}"
EndProject
Project("{FAE04EC0-301F-11D3-BF4B-00C04F79EFBC}") = "TestExample", "TestExample\TestExample.csproj", "{A2ECDF9E-0944-448B-99F8-F9D98FA31399}"
EndProject
Project("{FAE04EC0-301F-11D3-BF4B-00C04F79EFBC}") = "QuartzAndEventStore", "QuartzAndEventStore\QuartzAndEventStore.csproj", "{410CA901-2773-49DA-93EC-6D3D308C9617}"
EndProject
Project("{FAE04EC0-301F-11D3-BF4B-00C04F79EFBC}") = "QuartzAndEventWorkerService", "QuartzAndEventWorkerService\QuartzAndEventWorkerService.csproj", "{053544E6-7266-4376-8AC3-0940B692F454}"
EndProject
Global
	GlobalSection(SolutionConfigurationPlatforms) = preSolution
		Debug|Any CPU = Debug|Any CPU
		Release|Any CPU = Release|Any CPU
	EndGlobalSection
	GlobalSection(ProjectConfigurationPlatforms) = postSolution
		{1E6B6DF9-97A8-45B9-8CC1-BB61A7998D76}.Debug|Any CPU.ActiveCfg = Debug|Any CPU
		{1E6B6DF9-97A8-45B9-8CC1-BB61A7998D76}.Debug|Any CPU.Build.0 = Debug|Any CPU
		{1E6B6DF9-97A8-45B9-8CC1-BB61A7998D76}.Release|Any CPU.ActiveCfg = Release|Any CPU
		{1E6B6DF9-97A8-45B9-8CC1-BB61A7998D76}.Release|Any CPU.Build.0 = Release|Any CPU
		{B364DBC6-CDC8-4118-A98C-449589765410}.Debug|Any CPU.ActiveCfg = Debug|Any CPU
		{B364DBC6-CDC8-4118-A98C-449589765410}.Debug|Any CPU.Build.0 = Debug|Any CPU
		{B364DBC6-CDC8-4118-A98C-449589765410}.Release|Any CPU.ActiveCfg = Release|Any CPU
		{B364DBC6-CDC8-4118-A98C-449589765410}.Release|Any CPU.Build.0 = Release|Any CPU
		{55861B67-BF25-439F-96E7-31D861AB79D8}.Debug|Any CPU.ActiveCfg = Debug|Any CPU
		{55861B67-BF25-439F-96E7-31D861AB79D8}.Debug|Any CPU.Build.0 = Debug|Any CPU
		{55861B67-BF25-439F-96E7-31D861AB79D8}.Release|Any CPU.ActiveCfg = Release|Any CPU
		{55861B67-BF25-439F-96E7-31D861AB79D8}.Release|Any CPU.Build.0 = Release|Any CPU
		{4A460FB4-229F-40C6-9EAB-DB4F8A29AF75}.Debug|Any CPU.ActiveCfg = Debug|Any CPU
		{4A460FB4-229F-40C6-9EAB-DB4F8A29AF75}.Debug|Any CPU.Build.0 = Debug|Any CPU
		{4A460FB4-229F-40C6-9EAB-DB4F8A29AF75}.Release|Any CPU.ActiveCfg = Release|Any CPU
		{4A460FB4-229F-40C6-9EAB-DB4F8A29AF75}.Release|Any CPU.Build.0 = Release|Any CPU
		{F9BDA18A-E78C-43B2-96CD-B0031554813C}.Debug|Any CPU.ActiveCfg = Debug|Any CPU
		{F9BDA18A-E78C-43B2-96CD-B0031554813C}.Debug|Any CPU.Build.0 = Debug|Any CPU
		{F9BDA18A-E78C-43B2-96CD-B0031554813C}.Release|Any CPU.ActiveCfg = Release|Any CPU
		{F9BDA18A-E78C-43B2-96CD-B0031554813C}.Release|Any CPU.Build.0 = Release|Any CPU
		{A2ECDF9E-0944-448B-99F8-F9D98FA31399}.Debug|Any CPU.ActiveCfg = Debug|Any CPU
		{A2ECDF9E-0944-448B-99F8-F9D98FA31399}.Debug|Any CPU.Build.0 = Debug|Any CPU
		{A2ECDF9E-0944-448B-99F8-F9D98FA31399}.Release|Any CPU.ActiveCfg = Release|Any CPU
		{A2ECDF9E-0944-448B-99F8-F9D98FA31399}.Release|Any CPU.Build.0 = Release|Any CPU
		{410CA901-2773-49DA-93EC-6D3D308C9617}.Debug|Any CPU.ActiveCfg = Debug|Any CPU
		{410CA901-2773-49DA-93EC-6D3D308C9617}.Debug|Any CPU.Build.0 = Debug|Any CPU
		{410CA901-2773-49DA-93EC-6D3D308C9617}.Release|Any CPU.ActiveCfg = Release|Any CPU
		{410CA901-2773-49DA-93EC-6D3D308C9617}.Release|Any CPU.Build.0 = Release|Any CPU
		{053544E6-7266-4376-8AC3-0940B692F454}.Debug|Any CPU.ActiveCfg = Debug|Any CPU
		{053544E6-7266-4376-8AC3-0940B692F454}.Debug|Any CPU.Build.0 = Debug|Any CPU
		{053544E6-7266-4376-8AC3-0940B692F454}.Release|Any CPU.ActiveCfg = Release|Any CPU
		{053544E6-7266-4376-8AC3-0940B692F454}.Release|Any CPU.Build.0 = Release|Any CPU
	EndGlobalSection
EndGlobal
